
Microsoft Visual Studio Solution File, Format Version 12.00
# Visual Studio Version 16
VisualStudioVersion = 16.0.31321.278
MinimumVisualStudioVersion = 10.0.40219.1
Project("{FAE04EC0-301F-11D3-BF4B-00C04F79EFBC}") = "Task11", "Task11\Task11.csproj", "{C81E14F6-A732-42BE-BF0A-B84546B3AC4C}"
EndProject
Global
	GlobalSection(SolutionConfigurationPlatforms) = preSolution
		Debug|Any CPU = Debug|Any CPU
		Release|Any CPU = Release|Any CPU
	EndGlobalSection
	GlobalSection(ProjectConfigurationPlatforms) = postSolution
		{C81E14F6-A732-42BE-BF0A-B84546B3AC4C}.Debug|Any CPU.ActiveCfg = Debug|Any CPU
		{C81E14F6-A732-42BE-BF0A-B84546B3AC4C}.Debug|Any CPU.Build.0 = Debug|Any CPU
		{C81E14F6-A732-42BE-BF0A-B84546B3AC4C}.Release|Any CPU.ActiveCfg = Release|Any CPU
		{C81E14F6-A732-42BE-BF0A-B84546B3AC4C}.Release|Any CPU.Build.0 = Release|Any CPU
	EndGlobalSection
	GlobalSection(SolutionProperties) = preSolution
		HideSolutionNode = FALSE
	EndGlobalSection
	GlobalSection(ExtensibilityGlobals) = postSolution
		SolutionGuid = {0EE0DEF6-C57C-4CA2-B9AA-1744AD21D097}
	EndGlobalSection
EndGlobal
