
Microsoft Visual Studio Solution File, Format Version 12.00
# Visual Studio Version 16
VisualStudioVersion = 16.0.31321.278
MinimumVisualStudioVersion = 10.0.40219.1
Project("{FAE04EC0-301F-11D3-BF4B-00C04F79EFBC}") = "Week_01", "Week_01\Week_01.csproj", "{5163A41A-3325-41EA-BA26-273745ADCBFF}"
EndProject
Global
	GlobalSection(SolutionConfigurationPlatforms) = preSolution
		Debug|Any CPU = Debug|Any CPU
		Release|Any CPU = Release|Any CPU
	EndGlobalSection
	GlobalSection(ProjectConfigurationPlatforms) = postSolution
		{5163A41A-3325-41EA-BA26-273745ADCBFF}.Debug|Any CPU.ActiveCfg = Debug|Any CPU
		{5163A41A-3325-41EA-BA26-273745ADCBFF}.Debug|Any CPU.Build.0 = Debug|Any CPU
		{5163A41A-3325-41EA-BA26-273745ADCBFF}.Release|Any CPU.ActiveCfg = Release|Any CPU
		{5163A41A-3325-41EA-BA26-273745ADCBFF}.Release|Any CPU.Build.0 = Release|Any CPU
	EndGlobalSection
	GlobalSection(SolutionProperties) = preSolution
		HideSolutionNode = FALSE
	EndGlobalSection
	GlobalSection(ExtensibilityGlobals) = postSolution
		SolutionGuid = {0EE513F5-50FA-412C-B7E1-5A29C9A9D8BD}
	EndGlobalSection
EndGlobal
