
Microsoft Visual Studio Solution File, Format Version 12.00
# Visual Studio Version 16
VisualStudioVersion = 16.0.31321.278
MinimumVisualStudioVersion = 10.0.40219.1
Project("{FAE04EC0-301F-11D3-BF4B-00C04F79EFBC}") = "Task01", "Task01\Task01.csproj", "{B70508FA-66DD-4419-9B34-2E3899E38155}"
EndProject
Global
	GlobalSection(SolutionConfigurationPlatforms) = preSolution
		Debug|Any CPU = Debug|Any CPU
		Release|Any CPU = Release|Any CPU
	EndGlobalSection
	GlobalSection(ProjectConfigurationPlatforms) = postSolution
		{B70508FA-66DD-4419-9B34-2E3899E38155}.Debug|Any CPU.ActiveCfg = Debug|Any CPU
		{B70508FA-66DD-4419-9B34-2E3899E38155}.Debug|Any CPU.Build.0 = Debug|Any CPU
		{B70508FA-66DD-4419-9B34-2E3899E38155}.Release|Any CPU.ActiveCfg = Release|Any CPU
		{B70508FA-66DD-4419-9B34-2E3899E38155}.Release|Any CPU.Build.0 = Release|Any CPU
	EndGlobalSection
	GlobalSection(SolutionProperties) = preSolution
		HideSolutionNode = FALSE
	EndGlobalSection
	GlobalSection(ExtensibilityGlobals) = postSolution
		SolutionGuid = {61B74671-24FB-45FF-9A2E-F1627546C5FE}
	EndGlobalSection
EndGlobal
