
Microsoft Visual Studio Solution File, Format Version 12.00
# Visual Studio Version 16
VisualStudioVersion = 16.0.31321.278
MinimumVisualStudioVersion = 10.0.40219.1
Project("{FAE04EC0-301F-11D3-BF4B-00C04F79EFBC}") = "Task02", "Task02\Task02.csproj", "{66CBF21B-9B5F-4609-8467-2C5998565564}"
EndProject
Global
	GlobalSection(SolutionConfigurationPlatforms) = preSolution
		Debug|Any CPU = Debug|Any CPU
		Release|Any CPU = Release|Any CPU
	EndGlobalSection
	GlobalSection(ProjectConfigurationPlatforms) = postSolution
		{66CBF21B-9B5F-4609-8467-2C5998565564}.Debug|Any CPU.ActiveCfg = Debug|Any CPU
		{66CBF21B-9B5F-4609-8467-2C5998565564}.Debug|Any CPU.Build.0 = Debug|Any CPU
		{66CBF21B-9B5F-4609-8467-2C5998565564}.Release|Any CPU.ActiveCfg = Release|Any CPU
		{66CBF21B-9B5F-4609-8467-2C5998565564}.Release|Any CPU.Build.0 = Release|Any CPU
	EndGlobalSection
	GlobalSection(SolutionProperties) = preSolution
		HideSolutionNode = FALSE
	EndGlobalSection
	GlobalSection(ExtensibilityGlobals) = postSolution
		SolutionGuid = {B13D0911-773D-4943-BCE4-80C426A920F4}
	EndGlobalSection
EndGlobal
