
Microsoft Visual Studio Solution File, Format Version 12.00
# Visual Studio Version 16
VisualStudioVersion = 16.0.31321.278
MinimumVisualStudioVersion = 10.0.40219.1
Project("{FAE04EC0-301F-11D3-BF4B-00C04F79EFBC}") = "Task06", "Task06\Task06.csproj", "{401D0BBA-2C13-486F-B263-EC29C65F583F}"
EndProject
Global
	GlobalSection(SolutionConfigurationPlatforms) = preSolution
		Debug|Any CPU = Debug|Any CPU
		Release|Any CPU = Release|Any CPU
	EndGlobalSection
	GlobalSection(ProjectConfigurationPlatforms) = postSolution
		{401D0BBA-2C13-486F-B263-EC29C65F583F}.Debug|Any CPU.ActiveCfg = Debug|Any CPU
		{401D0BBA-2C13-486F-B263-EC29C65F583F}.Debug|Any CPU.Build.0 = Debug|Any CPU
		{401D0BBA-2C13-486F-B263-EC29C65F583F}.Release|Any CPU.ActiveCfg = Release|Any CPU
		{401D0BBA-2C13-486F-B263-EC29C65F583F}.Release|Any CPU.Build.0 = Release|Any CPU
	EndGlobalSection
	GlobalSection(SolutionProperties) = preSolution
		HideSolutionNode = FALSE
	EndGlobalSection
	GlobalSection(ExtensibilityGlobals) = postSolution
		SolutionGuid = {B8BA175D-9CE8-426E-BD89-147280BB9C82}
	EndGlobalSection
EndGlobal
