
Microsoft Visual Studio Solution File, Format Version 12.00
# Visual Studio Version 16
VisualStudioVersion = 16.0.31321.278
MinimumVisualStudioVersion = 10.0.40219.1
Project("{FAE04EC0-301F-11D3-BF4B-00C04F79EFBC}") = "Task03", "Task03\Task03.csproj", "{2721A93B-2E8B-47EE-9077-A81A816A8C8F}"
EndProject
Global
	GlobalSection(SolutionConfigurationPlatforms) = preSolution
		Debug|Any CPU = Debug|Any CPU
		Release|Any CPU = Release|Any CPU
	EndGlobalSection
	GlobalSection(ProjectConfigurationPlatforms) = postSolution
		{2721A93B-2E8B-47EE-9077-A81A816A8C8F}.Debug|Any CPU.ActiveCfg = Debug|Any CPU
		{2721A93B-2E8B-47EE-9077-A81A816A8C8F}.Debug|Any CPU.Build.0 = Debug|Any CPU
		{2721A93B-2E8B-47EE-9077-A81A816A8C8F}.Release|Any CPU.ActiveCfg = Release|Any CPU
		{2721A93B-2E8B-47EE-9077-A81A816A8C8F}.Release|Any CPU.Build.0 = Release|Any CPU
	EndGlobalSection
	GlobalSection(SolutionProperties) = preSolution
		HideSolutionNode = FALSE
	EndGlobalSection
	GlobalSection(ExtensibilityGlobals) = postSolution
		SolutionGuid = {F5DBF041-CF4D-43AE-86A8-1F644F7E87C9}
	EndGlobalSection
EndGlobal
