
Microsoft Visual Studio Solution File, Format Version 12.00
# Visual Studio Version 16
VisualStudioVersion = 16.0.31321.278
MinimumVisualStudioVersion = 10.0.40219.1
Project("{FAE04EC0-301F-11D3-BF4B-00C04F79EFBC}") = "Task01", "Task01\Task01.csproj", "{F183AC4C-D649-4E2A-8B22-2460452A7BC4}"
EndProject
Global
	GlobalSection(SolutionConfigurationPlatforms) = preSolution
		Debug|Any CPU = Debug|Any CPU
		Release|Any CPU = Release|Any CPU
	EndGlobalSection
	GlobalSection(ProjectConfigurationPlatforms) = postSolution
		{F183AC4C-D649-4E2A-8B22-2460452A7BC4}.Debug|Any CPU.ActiveCfg = Debug|Any CPU
		{F183AC4C-D649-4E2A-8B22-2460452A7BC4}.Debug|Any CPU.Build.0 = Debug|Any CPU
		{F183AC4C-D649-4E2A-8B22-2460452A7BC4}.Release|Any CPU.ActiveCfg = Release|Any CPU
		{F183AC4C-D649-4E2A-8B22-2460452A7BC4}.Release|Any CPU.Build.0 = Release|Any CPU
	EndGlobalSection
	GlobalSection(SolutionProperties) = preSolution
		HideSolutionNode = FALSE
	EndGlobalSection
	GlobalSection(ExtensibilityGlobals) = postSolution
		SolutionGuid = {BB967DF5-15EF-44BE-A001-8403C8DAE8AA}
	EndGlobalSection
EndGlobal
